
Microsoft Visual Studio Solution File, Format Version 12.00
# Visual Studio 15
VisualStudioVersion = 15.0.28010.2048
MinimumVisualStudioVersion = 10.0.40219.1
Project("{FAE04EC0-301F-11D3-BF4B-00C04F79EFBC}") = "WSLocationVoiture", "WSLocationVoiture\WSLocationVoiture.csproj", "{91C74926-F32D-4B6C-BC40-B71C34DEFE41}"
EndProject
Global
	GlobalSection(SolutionConfigurationPlatforms) = preSolution
		Debug|Any CPU = Debug|Any CPU
		Release|Any CPU = Release|Any CPU
	EndGlobalSection
	GlobalSection(ProjectConfigurationPlatforms) = postSolution
		{91C74926-F32D-4B6C-BC40-B71C34DEFE41}.Debug|Any CPU.ActiveCfg = Debug|Any CPU
		{91C74926-F32D-4B6C-BC40-B71C34DEFE41}.Debug|Any CPU.Build.0 = Debug|Any CPU
		{91C74926-F32D-4B6C-BC40-B71C34DEFE41}.Release|Any CPU.ActiveCfg = Release|Any CPU
		{91C74926-F32D-4B6C-BC40-B71C34DEFE41}.Release|Any CPU.Build.0 = Release|Any CPU
	EndGlobalSection
	GlobalSection(SolutionProperties) = preSolution
		HideSolutionNode = FALSE
	EndGlobalSection
	GlobalSection(ExtensibilityGlobals) = postSolution
		SolutionGuid = {EDE25FA2-42D0-4249-B4F8-4062CBF2C83A}
	EndGlobalSection
EndGlobal
